// !$*UTF8*$!
{
	archiveVersion = 1;
	classes = {
	};
	objectVersion = 48;
	objects = {

/* Begin PBXBuildFile section */
		89E598D6994748E8513B30D9 /* Pods_GitHeroesTests.framework in Frameworks */ = {isa = PBXBuildFile; fileRef = 50E64890420A65D0560A5A48 /* Pods_GitHeroesTests.framework */; };
		F762B8EE205C7CB8002A0CEB /* AppDelegate.swift in Sources */ = {isa = PBXBuildFile; fileRef = F762B8ED205C7CB8002A0CEB /* AppDelegate.swift */; };
		F762B8F0205C7CB8002A0CEB /* ViewController.swift in Sources */ = {isa = PBXBuildFile; fileRef = F762B8EF205C7CB8002A0CEB /* ViewController.swift */; };
		F762B8F3205C7CB8002A0CEB /* Main.storyboard in Resources */ = {isa = PBXBuildFile; fileRef = F762B8F1205C7CB8002A0CEB /* Main.storyboard */; };
		F762B8F5205C7CB8002A0CEB /* Assets.xcassets in Resources */ = {isa = PBXBuildFile; fileRef = F762B8F4205C7CB8002A0CEB /* Assets.xcassets */; };
		F762B8F8205C7CB8002A0CEB /* LaunchScreen.storyboard in Resources */ = {isa = PBXBuildFile; fileRef = F762B8F6205C7CB8002A0CEB /* LaunchScreen.storyboard */; };
		F762B903205C7CB8002A0CEB /* GitHeroesTests.swift in Sources */ = {isa = PBXBuildFile; fileRef = F762B902205C7CB8002A0CEB /* GitHeroesTests.swift */; };
		F762B90E205C7ECC002A0CEB /* Login.swift in Sources */ = {isa = PBXBuildFile; fileRef = F762B90D205C7ECC002A0CEB /* Login.swift */; };
		F762B94D205FD582002A0CEB /* APIClient.swift in Sources */ = {isa = PBXBuildFile; fileRef = F762B94C205FD582002A0CEB /* APIClient.swift */; };
		F762B94F2066AF23002A0CEB /* IssueListViewController.swift in Sources */ = {isa = PBXBuildFile; fileRef = F762B94E2066AF23002A0CEB /* IssueListViewController.swift */; };
		F762B9532067003A002A0CEB /* UserListProvider.swift in Sources */ = {isa = PBXBuildFile; fileRef = F762B9522067003A002A0CEB /* UserListProvider.swift */; };
		F762B956206700CF002A0CEB /* User.swift in Sources */ = {isa = PBXBuildFile; fileRef = F762B955206700CF002A0CEB /* User.swift */; };
		FDA56887EF83E499B81DC4AC /* Pods_GitHeroes.framework in Frameworks */ = {isa = PBXBuildFile; fileRef = D4918366ED64967EA673B65D /* Pods_GitHeroes.framework */; };
/* End PBXBuildFile section */

/* Begin PBXContainerItemProxy section */
		F762B8FF205C7CB8002A0CEB /* PBXContainerItemProxy */ = {
			isa = PBXContainerItemProxy;
			containerPortal = F762B8E2205C7CB8002A0CEB /* Project object */;
			proxyType = 1;
			remoteGlobalIDString = F762B8E9205C7CB8002A0CEB;
			remoteInfo = GitHeroes;
		};
/* End PBXContainerItemProxy section */

/* Begin PBXFileReference section */
		50E64890420A65D0560A5A48 /* Pods_GitHeroesTests.framework */ = {isa = PBXFileReference; explicitFileType = wrapper.framework; includeInIndex = 0; path = Pods_GitHeroesTests.framework; sourceTree = BUILT_PRODUCTS_DIR; };
		A12F9B3A52394F173903E0D9 /* Pods-GitHeroes.debug.xcconfig */ = {isa = PBXFileReference; includeInIndex = 1; lastKnownFileType = text.xcconfig; name = "Pods-GitHeroes.debug.xcconfig"; path = "Pods/Target Support Files/Pods-GitHeroes/Pods-GitHeroes.debug.xcconfig"; sourceTree = "<group>"; };
		B2663BE53E168FD882E41D83 /* Pods-GitHeroesTests.release.xcconfig */ = {isa = PBXFileReference; includeInIndex = 1; lastKnownFileType = text.xcconfig; name = "Pods-GitHeroesTests.release.xcconfig"; path = "Pods/Target Support Files/Pods-GitHeroesTests/Pods-GitHeroesTests.release.xcconfig"; sourceTree = "<group>"; };
		B2EE9DA0B55AA5C37170C2A2 /* Pods-GitHeroesTests.debug.xcconfig */ = {isa = PBXFileReference; includeInIndex = 1; lastKnownFileType = text.xcconfig; name = "Pods-GitHeroesTests.debug.xcconfig"; path = "Pods/Target Support Files/Pods-GitHeroesTests/Pods-GitHeroesTests.debug.xcconfig"; sourceTree = "<group>"; };
		D4918366ED64967EA673B65D /* Pods_GitHeroes.framework */ = {isa = PBXFileReference; explicitFileType = wrapper.framework; includeInIndex = 0; path = Pods_GitHeroes.framework; sourceTree = BUILT_PRODUCTS_DIR; };
		ECE55737CDFB698B98D4FF2C /* Pods-GitHeroes.release.xcconfig */ = {isa = PBXFileReference; includeInIndex = 1; lastKnownFileType = text.xcconfig; name = "Pods-GitHeroes.release.xcconfig"; path = "Pods/Target Support Files/Pods-GitHeroes/Pods-GitHeroes.release.xcconfig"; sourceTree = "<group>"; };
		F762B8EA205C7CB8002A0CEB /* GitHeroes.app */ = {isa = PBXFileReference; explicitFileType = wrapper.application; includeInIndex = 0; path = GitHeroes.app; sourceTree = BUILT_PRODUCTS_DIR; };
		F762B8ED205C7CB8002A0CEB /* AppDelegate.swift */ = {isa = PBXFileReference; lastKnownFileType = sourcecode.swift; path = AppDelegate.swift; sourceTree = "<group>"; };
		F762B8EF205C7CB8002A0CEB /* ViewController.swift */ = {isa = PBXFileReference; lastKnownFileType = sourcecode.swift; path = ViewController.swift; sourceTree = "<group>"; };
		F762B8F2205C7CB8002A0CEB /* Base */ = {isa = PBXFileReference; lastKnownFileType = file.storyboard; name = Base; path = Base.lproj/Main.storyboard; sourceTree = "<group>"; };
		F762B8F4205C7CB8002A0CEB /* Assets.xcassets */ = {isa = PBXFileReference; lastKnownFileType = folder.assetcatalog; path = Assets.xcassets; sourceTree = "<group>"; };
		F762B8F7205C7CB8002A0CEB /* Base */ = {isa = PBXFileReference; lastKnownFileType = file.storyboard; name = Base; path = Base.lproj/LaunchScreen.storyboard; sourceTree = "<group>"; };
		F762B8F9205C7CB8002A0CEB /* Info.plist */ = {isa = PBXFileReference; lastKnownFileType = text.plist.xml; path = Info.plist; sourceTree = "<group>"; };
		F762B8FE205C7CB8002A0CEB /* GitHeroesTests.xctest */ = {isa = PBXFileReference; explicitFileType = wrapper.cfbundle; includeInIndex = 0; path = GitHeroesTests.xctest; sourceTree = BUILT_PRODUCTS_DIR; };
		F762B902205C7CB8002A0CEB /* GitHeroesTests.swift */ = {isa = PBXFileReference; lastKnownFileType = sourcecode.swift; path = GitHeroesTests.swift; sourceTree = "<group>"; };
		F762B904205C7CB8002A0CEB /* Info.plist */ = {isa = PBXFileReference; lastKnownFileType = text.plist.xml; path = Info.plist; sourceTree = "<group>"; };
		F762B90D205C7ECC002A0CEB /* Login.swift */ = {isa = PBXFileReference; lastKnownFileType = sourcecode.swift; path = Login.swift; sourceTree = "<group>"; };
		F762B94C205FD582002A0CEB /* APIClient.swift */ = {isa = PBXFileReference; lastKnownFileType = sourcecode.swift; path = APIClient.swift; sourceTree = "<group>"; };
		F762B94E2066AF23002A0CEB /* IssueListViewController.swift */ = {isa = PBXFileReference; lastKnownFileType = sourcecode.swift; path = IssueListViewController.swift; sourceTree = "<group>"; };
		F762B9522067003A002A0CEB /* UserListProvider.swift */ = {isa = PBXFileReference; lastKnownFileType = sourcecode.swift; path = UserListProvider.swift; sourceTree = "<group>"; };
		F762B955206700CF002A0CEB /* User.swift */ = {isa = PBXFileReference; lastKnownFileType = sourcecode.swift; path = User.swift; sourceTree = "<group>"; };
/* End PBXFileReference section */

/* Begin PBXFrameworksBuildPhase section */
		F762B8E7205C7CB8002A0CEB /* Frameworks */ = {
			isa = PBXFrameworksBuildPhase;
			buildActionMask = 2147483647;
			files = (
				FDA56887EF83E499B81DC4AC /* Pods_GitHeroes.framework in Frameworks */,
			);
			runOnlyForDeploymentPostprocessing = 0;
		};
		F762B8FB205C7CB8002A0CEB /* Frameworks */ = {
			isa = PBXFrameworksBuildPhase;
			buildActionMask = 2147483647;
			files = (
				89E598D6994748E8513B30D9 /* Pods_GitHeroesTests.framework in Frameworks */,
			);
			runOnlyForDeploymentPostprocessing = 0;
		};
/* End PBXFrameworksBuildPhase section */

/* Begin PBXGroup section */
		2571E766C2FE1FA09309F2F3 /* Pods */ = {
			isa = PBXGroup;
			children = (
				A12F9B3A52394F173903E0D9 /* Pods-GitHeroes.debug.xcconfig */,
				ECE55737CDFB698B98D4FF2C /* Pods-GitHeroes.release.xcconfig */,
				B2EE9DA0B55AA5C37170C2A2 /* Pods-GitHeroesTests.debug.xcconfig */,
				B2663BE53E168FD882E41D83 /* Pods-GitHeroesTests.release.xcconfig */,
			);
			name = Pods;
			sourceTree = "<group>";
		};
		2BDA4923993E367749D9E99B /* Frameworks */ = {
			isa = PBXGroup;
			children = (
				D4918366ED64967EA673B65D /* Pods_GitHeroes.framework */,
				50E64890420A65D0560A5A48 /* Pods_GitHeroesTests.framework */,
			);
			name = Frameworks;
			sourceTree = "<group>";
		};
		F762B8E1205C7CB8002A0CEB = {
			isa = PBXGroup;
			children = (
				F762B8EC205C7CB8002A0CEB /* GitHeroes */,
				F762B901205C7CB8002A0CEB /* GitHeroesTests */,
				F762B8EB205C7CB8002A0CEB /* Products */,
				2571E766C2FE1FA09309F2F3 /* Pods */,
				2BDA4923993E367749D9E99B /* Frameworks */,
			);
			sourceTree = "<group>";
		};
		F762B8EB205C7CB8002A0CEB /* Products */ = {
			isa = PBXGroup;
			children = (
				F762B8EA205C7CB8002A0CEB /* GitHeroes.app */,
				F762B8FE205C7CB8002A0CEB /* GitHeroesTests.xctest */,
			);
			name = Products;
			sourceTree = "<group>";
		};
		F762B8EC205C7CB8002A0CEB /* GitHeroes */ = {
			isa = PBXGroup;
			children = (
				F762B8ED205C7CB8002A0CEB /* AppDelegate.swift */,
				F762B8EF205C7CB8002A0CEB /* ViewController.swift */,
				F762B90D205C7ECC002A0CEB /* Login.swift */,
				F762B954206700C0002A0CEB /* Model */,
				F762B9512066FF9E002A0CEB /* UserList */,
				F762B9502066FF17002A0CEB /* Service */,
				F762B94E2066AF23002A0CEB /* IssueListViewController.swift */,
				F762B8F1205C7CB8002A0CEB /* Main.storyboard */,
				F762B8F4205C7CB8002A0CEB /* Assets.xcassets */,
				F762B8F6205C7CB8002A0CEB /* LaunchScreen.storyboard */,
				F762B8F9205C7CB8002A0CEB /* Info.plist */,
			);
			path = GitHeroes;
			sourceTree = "<group>";
		};
		F762B901205C7CB8002A0CEB /* GitHeroesTests */ = {
			isa = PBXGroup;
			children = (
				F762B902205C7CB8002A0CEB /* GitHeroesTests.swift */,
				F762B904205C7CB8002A0CEB /* Info.plist */,
			);
			path = GitHeroesTests;
			sourceTree = "<group>";
		};
		F762B9502066FF17002A0CEB /* Service */ = {
			isa = PBXGroup;
			children = (
				F762B94C205FD582002A0CEB /* APIClient.swift */,
			);
			path = Service;
			sourceTree = "<group>";
		};
		F762B9512066FF9E002A0CEB /* UserList */ = {
			isa = PBXGroup;
			children = (
				F762B9522067003A002A0CEB /* UserListProvider.swift */,
			);
			path = UserList;
			sourceTree = "<group>";
		};
		F762B954206700C0002A0CEB /* Model */ = {
			isa = PBXGroup;
			children = (
				F762B955206700CF002A0CEB /* User.swift */,
			);
			path = Model;
			sourceTree = "<group>";
		};
/* End PBXGroup section */

/* Begin PBXNativeTarget section */
		F762B8E9205C7CB8002A0CEB /* GitHeroes */ = {
			isa = PBXNativeTarget;
			buildConfigurationList = F762B907205C7CB8002A0CEB /* Build configuration list for PBXNativeTarget "GitHeroes" */;
			buildPhases = (
				955B516F9293E36C3367DA05 /* [CP] Check Pods Manifest.lock */,
				F762B8E6205C7CB8002A0CEB /* Sources */,
				F762B8E7205C7CB8002A0CEB /* Frameworks */,
				F762B8E8205C7CB8002A0CEB /* Resources */,
				F10BD54B9B56612D57E40A35 /* [CP] Embed Pods Frameworks */,
				166876DE833D4724B4CE5705 /* [CP] Copy Pods Resources */,
			);
			buildRules = (
			);
			dependencies = (
			);
			name = GitHeroes;
			productName = GitHeroes;
			productReference = F762B8EA205C7CB8002A0CEB /* GitHeroes.app */;
			productType = "com.apple.product-type.application";
		};
		F762B8FD205C7CB8002A0CEB /* GitHeroesTests */ = {
			isa = PBXNativeTarget;
			buildConfigurationList = F762B90A205C7CB8002A0CEB /* Build configuration list for PBXNativeTarget "GitHeroesTests" */;
			buildPhases = (
				AF51B1633BE7A74B0697D3C4 /* [CP] Check Pods Manifest.lock */,
				F762B8FA205C7CB8002A0CEB /* Sources */,
				F762B8FB205C7CB8002A0CEB /* Frameworks */,
				F762B8FC205C7CB8002A0CEB /* Resources */,
				1B13DC5B7F5316F60F3970C6 /* [CP] Embed Pods Frameworks */,
				C0E34A19FB7BACC5BE6B3ECD /* [CP] Copy Pods Resources */,
			);
			buildRules = (
			);
			dependencies = (
				F762B900205C7CB8002A0CEB /* PBXTargetDependency */,
			);
			name = GitHeroesTests;
			productName = GitHeroesTests;
			productReference = F762B8FE205C7CB8002A0CEB /* GitHeroesTests.xctest */;
			productType = "com.apple.product-type.bundle.unit-test";
		};
/* End PBXNativeTarget section */

/* Begin PBXProject section */
		F762B8E2205C7CB8002A0CEB /* Project object */ = {
			isa = PBXProject;
			attributes = {
				LastSwiftUpdateCheck = 0920;
				LastUpgradeCheck = 0920;
				ORGANIZATIONNAME = "Reshma Unnikrishnan";
				TargetAttributes = {
					F762B8E9205C7CB8002A0CEB = {
						CreatedOnToolsVersion = 9.2;
						ProvisioningStyle = Automatic;
					};
					F762B8FD205C7CB8002A0CEB = {
						CreatedOnToolsVersion = 9.2;
						ProvisioningStyle = Automatic;
						TestTargetID = F762B8E9205C7CB8002A0CEB;
					};
				};
			};
			buildConfigurationList = F762B8E5205C7CB8002A0CEB /* Build configuration list for PBXProject "GitHeroes" */;
			compatibilityVersion = "Xcode 8.0";
			developmentRegion = en;
			hasScannedForEncodings = 0;
			knownRegions = (
				en,
				Base,
			);
			mainGroup = F762B8E1205C7CB8002A0CEB;
			productRefGroup = F762B8EB205C7CB8002A0CEB /* Products */;
			projectDirPath = "";
			projectRoot = "";
			targets = (
				F762B8E9205C7CB8002A0CEB /* GitHeroes */,
				F762B8FD205C7CB8002A0CEB /* GitHeroesTests */,
			);
		};
/* End PBXProject section */

/* Begin PBXResourcesBuildPhase section */
		F762B8E8205C7CB8002A0CEB /* Resources */ = {
			isa = PBXResourcesBuildPhase;
			buildActionMask = 2147483647;
			files = (
				F762B8F8205C7CB8002A0CEB /* LaunchScreen.storyboard in Resources */,
				F762B8F5205C7CB8002A0CEB /* Assets.xcassets in Resources */,
				F762B8F3205C7CB8002A0CEB /* Main.storyboard in Resources */,
			);
			runOnlyForDeploymentPostprocessing = 0;
		};
		F762B8FC205C7CB8002A0CEB /* Resources */ = {
			isa = PBXResourcesBuildPhase;
			buildActionMask = 2147483647;
			files = (
			);
			runOnlyForDeploymentPostprocessing = 0;
		};
/* End PBXResourcesBuildPhase section */

/* Begin PBXShellScriptBuildPhase section */
		166876DE833D4724B4CE5705 /* [CP] Copy Pods Resources */ = {
			isa = PBXShellScriptBuildPhase;
			buildActionMask = 2147483647;
			files = (
			);
			inputPaths = (
			);
			name = "[CP] Copy Pods Resources";
			outputPaths = (
			);
			runOnlyForDeploymentPostprocessing = 0;
			shellPath = /bin/sh;
			shellScript = "\"${SRCROOT}/Pods/Target Support Files/Pods-GitHeroes/Pods-GitHeroes-resources.sh\"\n";
			showEnvVarsInLog = 0;
		};
		1B13DC5B7F5316F60F3970C6 /* [CP] Embed Pods Frameworks */ = {
			isa = PBXShellScriptBuildPhase;
			buildActionMask = 2147483647;
			files = (
			);
			inputPaths = (
			);
			name = "[CP] Embed Pods Frameworks";
			outputPaths = (
			);
			runOnlyForDeploymentPostprocessing = 0;
			shellPath = /bin/sh;
			shellScript = "\"${SRCROOT}/Pods/Target Support Files/Pods-GitHeroesTests/Pods-GitHeroesTests-frameworks.sh\"\n";
			showEnvVarsInLog = 0;
		};
		955B516F9293E36C3367DA05 /* [CP] Check Pods Manifest.lock */ = {
			isa = PBXShellScriptBuildPhase;
			buildActionMask = 2147483647;
			files = (
			);
			inputPaths = (
				"${PODS_PODFILE_DIR_PATH}/Podfile.lock",
				"${PODS_ROOT}/Manifest.lock",
			);
			name = "[CP] Check Pods Manifest.lock";
			outputPaths = (
				"$(DERIVED_FILE_DIR)/Pods-GitHeroes-checkManifestLockResult.txt",
			);
			runOnlyForDeploymentPostprocessing = 0;
			shellPath = /bin/sh;
			shellScript = "diff \"${PODS_PODFILE_DIR_PATH}/Podfile.lock\" \"${PODS_ROOT}/Manifest.lock\" > /dev/null\nif [ $? != 0 ] ; then\n    # print error to STDERR\n    echo \"error: The sandbox is not in sync with the Podfile.lock. Run 'pod install' or update your CocoaPods installation.\" >&2\n    exit 1\nfi\n# This output is used by Xcode 'outputs' to avoid re-running this script phase.\necho \"SUCCESS\" > \"${SCRIPT_OUTPUT_FILE_0}\"\n";
			showEnvVarsInLog = 0;
		};
		AF51B1633BE7A74B0697D3C4 /* [CP] Check Pods Manifest.lock */ = {
			isa = PBXShellScriptBuildPhase;
			buildActionMask = 2147483647;
			files = (
			);
			inputPaths = (
				"${PODS_PODFILE_DIR_PATH}/Podfile.lock",
				"${PODS_ROOT}/Manifest.lock",
			);
			name = "[CP] Check Pods Manifest.lock";
			outputPaths = (
				"$(DERIVED_FILE_DIR)/Pods-GitHeroesTests-checkManifestLockResult.txt",
			);
			runOnlyForDeploymentPostprocessing = 0;
			shellPath = /bin/sh;
			shellScript = "diff \"${PODS_PODFILE_DIR_PATH}/Podfile.lock\" \"${PODS_ROOT}/Manifest.lock\" > /dev/null\nif [ $? != 0 ] ; then\n    # print error to STDERR\n    echo \"error: The sandbox is not in sync with the Podfile.lock. Run 'pod install' or update your CocoaPods installation.\" >&2\n    exit 1\nfi\n# This output is used by Xcode 'outputs' to avoid re-running this script phase.\necho \"SUCCESS\" > \"${SCRIPT_OUTPUT_FILE_0}\"\n";
			showEnvVarsInLog = 0;
		};
		C0E34A19FB7BACC5BE6B3ECD /* [CP] Copy Pods Resources */ = {
			isa = PBXShellScriptBuildPhase;
			buildActionMask = 2147483647;
			files = (
			);
			inputPaths = (
			);
			name = "[CP] Copy Pods Resources";
			outputPaths = (
			);
			runOnlyForDeploymentPostprocessing = 0;
			shellPath = /bin/sh;
			shellScript = "\"${SRCROOT}/Pods/Target Support Files/Pods-GitHeroesTests/Pods-GitHeroesTests-resources.sh\"\n";
			showEnvVarsInLog = 0;
		};
		F10BD54B9B56612D57E40A35 /* [CP] Embed Pods Frameworks */ = {
			isa = PBXShellScriptBuildPhase;
			buildActionMask = 2147483647;
			files = (
			);
			inputPaths = (
				"${SRCROOT}/Pods/Target Support Files/Pods-GitHeroes/Pods-GitHeroes-frameworks.sh",
				"${BUILT_PRODUCTS_DIR}/Alamofire/Alamofire.framework",
				"${BUILT_PRODUCTS_DIR}/JASON/JASON.framework",
				"${BUILT_PRODUCTS_DIR}/Moya/Moya.framework",
				"${BUILT_PRODUCTS_DIR}/Result/Result.framework",
				"${BUILT_PRODUCTS_DIR}/RxCocoa/RxCocoa.framework",
				"${BUILT_PRODUCTS_DIR}/RxSwift/RxSwift.framework",
			);
			name = "[CP] Embed Pods Frameworks";
			outputPaths = (
				"${TARGET_BUILD_DIR}/${FRAMEWORKS_FOLDER_PATH}/Alamofire.framework",
				"${TARGET_BUILD_DIR}/${FRAMEWORKS_FOLDER_PATH}/JASON.framework",
				"${TARGET_BUILD_DIR}/${FRAMEWORKS_FOLDER_PATH}/Moya.framework",
				"${TARGET_BUILD_DIR}/${FRAMEWORKS_FOLDER_PATH}/Result.framework",
				"${TARGET_BUILD_DIR}/${FRAMEWORKS_FOLDER_PATH}/RxCocoa.framework",
				"${TARGET_BUILD_DIR}/${FRAMEWORKS_FOLDER_PATH}/RxSwift.framework",
			);
			runOnlyForDeploymentPostprocessing = 0;
			shellPath = /bin/sh;
			shellScript = "\"${SRCROOT}/Pods/Target Support Files/Pods-GitHeroes/Pods-GitHeroes-frameworks.sh\"\n";
			showEnvVarsInLog = 0;
		};
/* End PBXShellScriptBuildPhase section */

/* Begin PBXSourcesBuildPhase section */
		F762B8E6205C7CB8002A0CEB /* Sources */ = {
			isa = PBXSourcesBuildPhase;
			buildActionMask = 2147483647;
			files = (
				F762B90E205C7ECC002A0CEB /* Login.swift in Sources */,
				F762B8F0205C7CB8002A0CEB /* ViewController.swift in Sources */,
				F762B9532067003A002A0CEB /* UserListProvider.swift in Sources */,
				F762B94F2066AF23002A0CEB /* IssueListViewController.swift in Sources */,
				F762B8EE205C7CB8002A0CEB /* AppDelegate.swift in Sources */,
				F762B94D205FD582002A0CEB /* APIClient.swift in Sources */,
				F762B956206700CF002A0CEB /* User.swift in Sources */,
			);
			runOnlyForDeploymentPostprocessing = 0;
		};
		F762B8FA205C7CB8002A0CEB /* Sources */ = {
			isa = PBXSourcesBuildPhase;
			buildActionMask = 2147483647;
			files = (
				F762B903205C7CB8002A0CEB /* GitHeroesTests.swift in Sources */,
			);
			runOnlyForDeploymentPostprocessing = 0;
		};
/* End PBXSourcesBuildPhase section */

/* Begin PBXTargetDependency section */
		F762B900205C7CB8002A0CEB /* PBXTargetDependency */ = {
			isa = PBXTargetDependency;
			target = F762B8E9205C7CB8002A0CEB /* GitHeroes */;
			targetProxy = F762B8FF205C7CB8002A0CEB /* PBXContainerItemProxy */;
		};
/* End PBXTargetDependency section */

/* Begin PBXVariantGroup section */
		F762B8F1205C7CB8002A0CEB /* Main.storyboard */ = {
			isa = PBXVariantGroup;
			children = (
				F762B8F2205C7CB8002A0CEB /* Base */,
			);
			name = Main.storyboard;
			sourceTree = "<group>";
		};
		F762B8F6205C7CB8002A0CEB /* LaunchScreen.storyboard */ = {
			isa = PBXVariantGroup;
			children = (
				F762B8F7205C7CB8002A0CEB /* Base */,
			);
			name = LaunchScreen.storyboard;
			sourceTree = "<group>";
		};
/* End PBXVariantGroup section */

/* Begin XCBuildConfiguration section */
		F762B905205C7CB8002A0CEB /* Debug */ = {
			isa = XCBuildConfiguration;
			buildSettings = {
				ALWAYS_SEARCH_USER_PATHS = NO;
				CLANG_ANALYZER_NONNULL = YES;
				CLANG_ANALYZER_NUMBER_OBJECT_CONVERSION = YES_AGGRESSIVE;
				CLANG_CXX_LANGUAGE_STANDARD = "gnu++14";
				CLANG_CXX_LIBRARY = "libc++";
				CLANG_ENABLE_MODULES = YES;
				CLANG_ENABLE_OBJC_ARC = YES;
				CLANG_WARN_BLOCK_CAPTURE_AUTORELEASING = YES;
				CLANG_WARN_BOOL_CONVERSION = YES;
				CLANG_WARN_COMMA = YES;
				CLANG_WARN_CONSTANT_CONVERSION = YES;
				CLANG_WARN_DIRECT_OBJC_ISA_USAGE = YES_ERROR;
				CLANG_WARN_DOCUMENTATION_COMMENTS = YES;
				CLANG_WARN_EMPTY_BODY = YES;
				CLANG_WARN_ENUM_CONVERSION = YES;
				CLANG_WARN_INFINITE_RECURSION = YES;
				CLANG_WARN_INT_CONVERSION = YES;
				CLANG_WARN_NON_LITERAL_NULL_CONVERSION = YES;
				CLANG_WARN_OBJC_LITERAL_CONVERSION = YES;
				CLANG_WARN_OBJC_ROOT_CLASS = YES_ERROR;
				CLANG_WARN_RANGE_LOOP_ANALYSIS = YES;
				CLANG_WARN_STRICT_PROTOTYPES = YES;
				CLANG_WARN_SUSPICIOUS_MOVE = YES;
				CLANG_WARN_UNGUARDED_AVAILABILITY = YES_AGGRESSIVE;
				CLANG_WARN_UNREACHABLE_CODE = YES;
				CLANG_WARN__DUPLICATE_METHOD_MATCH = YES;
				CODE_SIGN_IDENTITY = "iPhone Developer";
				COPY_PHASE_STRIP = NO;
				DEBUG_INFORMATION_FORMAT = dwarf;
				ENABLE_STRICT_OBJC_MSGSEND = YES;
				ENABLE_TESTABILITY = YES;
				GCC_C_LANGUAGE_STANDARD = gnu11;
				GCC_DYNAMIC_NO_PIC = NO;
				GCC_NO_COMMON_BLOCKS = YES;
				GCC_OPTIMIZATION_LEVEL = 0;
				GCC_PREPROCESSOR_DEFINITIONS = (
					"DEBUG=1",
					"$(inherited)",
				);
				GCC_WARN_64_TO_32_BIT_CONVERSION = YES;
				GCC_WARN_ABOUT_RETURN_TYPE = YES_ERROR;
				GCC_WARN_UNDECLARED_SELECTOR = YES;
				GCC_WARN_UNINITIALIZED_AUTOS = YES_AGGRESSIVE;
				GCC_WARN_UNUSED_FUNCTION = YES;
				GCC_WARN_UNUSED_VARIABLE = YES;
				IPHONEOS_DEPLOYMENT_TARGET = 11.2;
				MTL_ENABLE_DEBUG_INFO = YES;
				ONLY_ACTIVE_ARCH = YES;
				SDKROOT = iphoneos;
				SWIFT_ACTIVE_COMPILATION_CONDITIONS = DEBUG;
				SWIFT_OPTIMIZATION_LEVEL = "-Onone";
			};
			name = Debug;
		};
		F762B906205C7CB8002A0CEB /* Release */ = {
			isa = XCBuildConfiguration;
			buildSettings = {
				ALWAYS_SEARCH_USER_PATHS = NO;
				CLANG_ANALYZER_NONNULL = YES;
				CLANG_ANALYZER_NUMBER_OBJECT_CONVERSION = YES_AGGRESSIVE;
				CLANG_CXX_LANGUAGE_STANDARD = "gnu++14";
				CLANG_CXX_LIBRARY = "libc++";
				CLANG_ENABLE_MODULES = YES;
				CLANG_ENABLE_OBJC_ARC = YES;
				CLANG_WARN_BLOCK_CAPTURE_AUTORELEASING = YES;
				CLANG_WARN_BOOL_CONVERSION = YES;
				CLANG_WARN_COMMA = YES;
				CLANG_WARN_CONSTANT_CONVERSION = YES;
				CLANG_WARN_DIRECT_OBJC_ISA_USAGE = YES_ERROR;
				CLANG_WARN_DOCUMENTATION_COMMENTS = YES;
				CLANG_WARN_EMPTY_BODY = YES;
				CLANG_WARN_ENUM_CONVERSION = YES;
				CLANG_WARN_INFINITE_RECURSION = YES;
				CLANG_WARN_INT_CONVERSION = YES;
				CLANG_WARN_NON_LITERAL_NULL_CONVERSION = YES;
				CLANG_WARN_OBJC_LITERAL_CONVERSION = YES;
				CLANG_WARN_OBJC_ROOT_CLASS = YES_ERROR;
				CLANG_WARN_RANGE_LOOP_ANALYSIS = YES;
				CLANG_WARN_STRICT_PROTOTYPES = YES;
				CLANG_WARN_SUSPICIOUS_MOVE = YES;
				CLANG_WARN_UNGUARDED_AVAILABILITY = YES_AGGRESSIVE;
				CLANG_WARN_UNREACHABLE_CODE = YES;
				CLANG_WARN__DUPLICATE_METHOD_MATCH = YES;
				CODE_SIGN_IDENTITY = "iPhone Developer";
				COPY_PHASE_STRIP = NO;
				DEBUG_INFORMATION_FORMAT = "dwarf-with-dsym";
				ENABLE_NS_ASSERTIONS = NO;
				ENABLE_STRICT_OBJC_MSGSEND = YES;
				GCC_C_LANGUAGE_STANDARD = gnu11;
				GCC_NO_COMMON_BLOCKS = YES;
				GCC_WARN_64_TO_32_BIT_CONVERSION = YES;
				GCC_WARN_ABOUT_RETURN_TYPE = YES_ERROR;
				GCC_WARN_UNDECLARED_SELECTOR = YES;
				GCC_WARN_UNINITIALIZED_AUTOS = YES_AGGRESSIVE;
				GCC_WARN_UNUSED_FUNCTION = YES;
				GCC_WARN_UNUSED_VARIABLE = YES;
				IPHONEOS_DEPLOYMENT_TARGET = 11.2;
				MTL_ENABLE_DEBUG_INFO = NO;
				SDKROOT = iphoneos;
				SWIFT_OPTIMIZATION_LEVEL = "-Owholemodule";
				VALIDATE_PRODUCT = YES;
			};
			name = Release;
		};
		F762B908205C7CB8002A0CEB /* Debug */ = {
			isa = XCBuildConfiguration;
			baseConfigurationReference = A12F9B3A52394F173903E0D9 /* Pods-GitHeroes.debug.xcconfig */;
			buildSettings = {
				ASSETCATALOG_COMPILER_APPICON_NAME = AppIcon;
				CODE_SIGN_STYLE = Automatic;
				DEVELOPMENT_TEAM = 782478PCZS;
				INFOPLIST_FILE = GitHeroes/Info.plist;
				LD_RUNPATH_SEARCH_PATHS = "$(inherited) @executable_path/Frameworks";
				PRODUCT_BUNDLE_IDENTIFIER = com.sociomantic.gitHeroes.GitHeroes;
				PRODUCT_NAME = "$(TARGET_NAME)";
				SWIFT_VERSION = 4.0;
				TARGETED_DEVICE_FAMILY = "1,2";
			};
			name = Debug;
		};
		F762B909205C7CB8002A0CEB /* Release */ = {
			isa = XCBuildConfiguration;
			baseConfigurationReference = ECE55737CDFB698B98D4FF2C /* Pods-GitHeroes.release.xcconfig */;
			buildSettings = {
				ASSETCATALOG_COMPILER_APPICON_NAME = AppIcon;
				CODE_SIGN_STYLE = Automatic;
				DEVELOPMENT_TEAM = 782478PCZS;
				INFOPLIST_FILE = GitHeroes/Info.plist;
				LD_RUNPATH_SEARCH_PATHS = "$(inherited) @executable_path/Frameworks";
				PRODUCT_BUNDLE_IDENTIFIER = com.sociomantic.gitHeroes.GitHeroes;
				PRODUCT_NAME = "$(TARGET_NAME)";
				SWIFT_VERSION = 4.0;
				TARGETED_DEVICE_FAMILY = "1,2";
			};
			name = Release;
		};
		F762B90B205C7CB8002A0CEB /* Debug */ = {
			isa = XCBuildConfiguration;
			baseConfigurationReference = B2EE9DA0B55AA5C37170C2A2 /* Pods-GitHeroesTests.debug.xcconfig */;
			buildSettings = {
				ALWAYS_EMBED_SWIFT_STANDARD_LIBRARIES = YES;
				BUNDLE_LOADER = "$(TEST_HOST)";
				CODE_SIGN_STYLE = Automatic;
				DEVELOPMENT_TEAM = 782478PCZS;
				INFOPLIST_FILE = GitHeroesTests/Info.plist;
				LD_RUNPATH_SEARCH_PATHS = "$(inherited) @executable_path/Frameworks @loader_path/Frameworks";
				PRODUCT_BUNDLE_IDENTIFIER = com.sociomantic.gitHeroes.GitHeroesTests;
				PRODUCT_NAME = "$(TARGET_NAME)";
				SWIFT_VERSION = 4.0;
				TARGETED_DEVICE_FAMILY = "1,2";
				TEST_HOST = "$(BUILT_PRODUCTS_DIR)/GitHeroes.app/GitHeroes";
			};
			name = Debug;
		};
		F762B90C205C7CB8002A0CEB /* Release */ = {
			isa = XCBuildConfiguration;
			baseConfigurationReference = B2663BE53E168FD882E41D83 /* Pods-GitHeroesTests.release.xcconfig */;
			buildSettings = {
				ALWAYS_EMBED_SWIFT_STANDARD_LIBRARIES = YES;
				BUNDLE_LOADER = "$(TEST_HOST)";
				CODE_SIGN_STYLE = Automatic;
				DEVELOPMENT_TEAM = 782478PCZS;
				INFOPLIST_FILE = GitHeroesTests/Info.plist;
				LD_RUNPATH_SEARCH_PATHS = "$(inherited) @executable_path/Frameworks @loader_path/Frameworks";
				PRODUCT_BUNDLE_IDENTIFIER = com.sociomantic.gitHeroes.GitHeroesTests;
				PRODUCT_NAME = "$(TARGET_NAME)";
				SWIFT_VERSION = 4.0;
				TARGETED_DEVICE_FAMILY = "1,2";
				TEST_HOST = "$(BUILT_PRODUCTS_DIR)/GitHeroes.app/GitHeroes";
			};
			name = Release;
		};
/* End XCBuildConfiguration section */

/* Begin XCConfigurationList section */
		F762B8E5205C7CB8002A0CEB /* Build configuration list for PBXProject "GitHeroes" */ = {
			isa = XCConfigurationList;
			buildConfigurations = (
				F762B905205C7CB8002A0CEB /* Debug */,
				F762B906205C7CB8002A0CEB /* Release */,
			);
			defaultConfigurationIsVisible = 0;
			defaultConfigurationName = Release;
		};
		F762B907205C7CB8002A0CEB /* Build configuration list for PBXNativeTarget "GitHeroes" */ = {
			isa = XCConfigurationList;
			buildConfigurations = (
				F762B908205C7CB8002A0CEB /* Debug */,
				F762B909205C7CB8002A0CEB /* Release */,
			);
			defaultConfigurationIsVisible = 0;
			defaultConfigurationName = Release;
		};
		F762B90A205C7CB8002A0CEB /* Build configuration list for PBXNativeTarget "GitHeroesTests" */ = {
			isa = XCConfigurationList;
			buildConfigurations = (
				F762B90B205C7CB8002A0CEB /* Debug */,
				F762B90C205C7CB8002A0CEB /* Release */,
			);
			defaultConfigurationIsVisible = 0;
			defaultConfigurationName = Release;
		};
/* End XCConfigurationList section */
	};
	rootObject = F762B8E2205C7CB8002A0CEB /* Project object */;
}
